
Microsoft Visual Studio Solution File, Format Version 12.00
# Visual Studio Version 17
VisualStudioVersion = 17.10.35004.147
MinimumVisualStudioVersion = 10.0.40219.1
Project("{9A19103F-16F7-4668-BE54-9A1E7A4F7556}") = "RESTween", "RESTween\RESTween.csproj", "{37CC7C49-AA2C-4CC8-843F-0B1B589395EB}"
EndProject
Project("{FAE04EC0-301F-11D3-BF4B-00C04F79EFBC}") = "Tests", "Tests\Tests.csproj", "{577993CB-378B-424C-80B2-C2DA16409DD8}"
EndProject
Project("{FAE04EC0-301F-11D3-BF4B-00C04F79EFBC}") = "RESTween.Server", "RESTWeen.Server\RESTween.Server.csproj", "{D9A09409-05F0-4137-A850-3BD312FC68D8}"
EndProject
Project("{FAE04EC0-301F-11D3-BF4B-00C04F79EFBC}") = "RESTween.Server.Tests", "RESTween.Server.Tests\RESTween.Server.Tests.csproj", "{27009B75-B20B-41E7-B4D6-BCD6BB6D857D}"
EndProject
Project("{FAE04EC0-301F-11D3-BF4B-00C04F79EFBC}") = "RESTween.Core", "RESTween.Core\RESTween.Core.csproj", "{5C08F2AA-2A3F-4E61-83DB-E24DFAF1F3FD}"
EndProject
Project("{2150E333-8FDC-42A3-9474-1A3956D46DE8}") = "Solution Items", "Solution Items", "{8EC462FD-D22E-90A8-E5CE-7E832BA40C5D}"
	ProjectSection(SolutionItems) = preProject
		.github\workflows\publish-nuget.yml = .github\workflows\publish-nuget.yml
	EndProjectSection
EndProject
Global
	GlobalSection(SolutionConfigurationPlatforms) = preSolution
		Debug|Any CPU = Debug|Any CPU
		Debug|x64 = Debug|x64
		Debug|x86 = Debug|x86
		Release|Any CPU = Release|Any CPU
		Release|x64 = Release|x64
		Release|x86 = Release|x86
	EndGlobalSection
	GlobalSection(ProjectConfigurationPlatforms) = postSolution
		{37CC7C49-AA2C-4CC8-843F-0B1B589395EB}.Debug|Any CPU.ActiveCfg = Debug|Any CPU
		{37CC7C49-AA2C-4CC8-843F-0B1B589395EB}.Debug|Any CPU.Build.0 = Debug|Any CPU
		{37CC7C49-AA2C-4CC8-843F-0B1B589395EB}.Debug|x64.ActiveCfg = Debug|Any CPU
		{37CC7C49-AA2C-4CC8-843F-0B1B589395EB}.Debug|x64.Build.0 = Debug|Any CPU
		{37CC7C49-AA2C-4CC8-843F-0B1B589395EB}.Debug|x86.ActiveCfg = Debug|Any CPU
		{37CC7C49-AA2C-4CC8-843F-0B1B589395EB}.Debug|x86.Build.0 = Debug|Any CPU
		{37CC7C49-AA2C-4CC8-843F-0B1B589395EB}.Release|Any CPU.ActiveCfg = Release|Any CPU
		{37CC7C49-AA2C-4CC8-843F-0B1B589395EB}.Release|Any CPU.Build.0 = Release|Any CPU
		{37CC7C49-AA2C-4CC8-843F-0B1B589395EB}.Release|x64.ActiveCfg = Release|Any CPU
		{37CC7C49-AA2C-4CC8-843F-0B1B589395EB}.Release|x64.Build.0 = Release|Any CPU
		{37CC7C49-AA2C-4CC8-843F-0B1B589395EB}.Release|x86.ActiveCfg = Release|Any CPU
		{37CC7C49-AA2C-4CC8-843F-0B1B589395EB}.Release|x86.Build.0 = Release|Any CPU
		{577993CB-378B-424C-80B2-C2DA16409DD8}.Debug|Any CPU.ActiveCfg = Debug|Any CPU
		{577993CB-378B-424C-80B2-C2DA16409DD8}.Debug|Any CPU.Build.0 = Debug|Any CPU
		{577993CB-378B-424C-80B2-C2DA16409DD8}.Debug|x64.ActiveCfg = Debug|Any CPU
		{577993CB-378B-424C-80B2-C2DA16409DD8}.Debug|x64.Build.0 = Debug|Any CPU
		{577993CB-378B-424C-80B2-C2DA16409DD8}.Debug|x86.ActiveCfg = Debug|Any CPU
		{577993CB-378B-424C-80B2-C2DA16409DD8}.Debug|x86.Build.0 = Debug|Any CPU
		{577993CB-378B-424C-80B2-C2DA16409DD8}.Release|Any CPU.ActiveCfg = Release|Any CPU
		{577993CB-378B-424C-80B2-C2DA16409DD8}.Release|Any CPU.Build.0 = Release|Any CPU
		{577993CB-378B-424C-80B2-C2DA16409DD8}.Release|x64.ActiveCfg = Release|Any CPU
		{577993CB-378B-424C-80B2-C2DA16409DD8}.Release|x64.Build.0 = Release|Any CPU
		{577993CB-378B-424C-80B2-C2DA16409DD8}.Release|x86.ActiveCfg = Release|Any CPU
		{577993CB-378B-424C-80B2-C2DA16409DD8}.Release|x86.Build.0 = Release|Any CPU
		{D9A09409-05F0-4137-A850-3BD312FC68D8}.Debug|Any CPU.ActiveCfg = Debug|Any CPU
		{D9A09409-05F0-4137-A850-3BD312FC68D8}.Debug|Any CPU.Build.0 = Debug|Any CPU
		{D9A09409-05F0-4137-A850-3BD312FC68D8}.Debug|x64.ActiveCfg = Debug|Any CPU
		{D9A09409-05F0-4137-A850-3BD312FC68D8}.Debug|x64.Build.0 = Debug|Any CPU
		{D9A09409-05F0-4137-A850-3BD312FC68D8}.Debug|x86.ActiveCfg = Debug|Any CPU
		{D9A09409-05F0-4137-A850-3BD312FC68D8}.Debug|x86.Build.0 = Debug|Any CPU
		{D9A09409-05F0-4137-A850-3BD312FC68D8}.Release|Any CPU.ActiveCfg = Release|Any CPU
		{D9A09409-05F0-4137-A850-3BD312FC68D8}.Release|Any CPU.Build.0 = Release|Any CPU
		{D9A09409-05F0-4137-A850-3BD312FC68D8}.Release|x64.ActiveCfg = Release|Any CPU
		{D9A09409-05F0-4137-A850-3BD312FC68D8}.Release|x64.Build.0 = Release|Any CPU
		{D9A09409-05F0-4137-A850-3BD312FC68D8}.Release|x86.ActiveCfg = Release|Any CPU
		{D9A09409-05F0-4137-A850-3BD312FC68D8}.Release|x86.Build.0 = Release|Any CPU
		{27009B75-B20B-41E7-B4D6-BCD6BB6D857D}.Debug|Any CPU.ActiveCfg = Debug|Any CPU
		{27009B75-B20B-41E7-B4D6-BCD6BB6D857D}.Debug|Any CPU.Build.0 = Debug|Any CPU
		{27009B75-B20B-41E7-B4D6-BCD6BB6D857D}.Debug|x64.ActiveCfg = Debug|Any CPU
		{27009B75-B20B-41E7-B4D6-BCD6BB6D857D}.Debug|x64.Build.0 = Debug|Any CPU
		{27009B75-B20B-41E7-B4D6-BCD6BB6D857D}.Debug|x86.ActiveCfg = Debug|Any CPU
		{27009B75-B20B-41E7-B4D6-BCD6BB6D857D}.Debug|x86.Build.0 = Debug|Any CPU
		{27009B75-B20B-41E7-B4D6-BCD6BB6D857D}.Release|Any CPU.ActiveCfg = Release|Any CPU
		{27009B75-B20B-41E7-B4D6-BCD6BB6D857D}.Release|Any CPU.Build.0 = Release|Any CPU
		{27009B75-B20B-41E7-B4D6-BCD6BB6D857D}.Release|x64.ActiveCfg = Release|Any CPU
		{27009B75-B20B-41E7-B4D6-BCD6BB6D857D}.Release|x64.Build.0 = Release|Any CPU
		{27009B75-B20B-41E7-B4D6-BCD6BB6D857D}.Release|x86.ActiveCfg = Release|Any CPU
		{27009B75-B20B-41E7-B4D6-BCD6BB6D857D}.Release|x86.Build.0 = Release|Any CPU
		{5C08F2AA-2A3F-4E61-83DB-E24DFAF1F3FD}.Debug|Any CPU.ActiveCfg = Debug|Any CPU
		{5C08F2AA-2A3F-4E61-83DB-E24DFAF1F3FD}.Debug|Any CPU.Build.0 = Debug|Any CPU
		{5C08F2AA-2A3F-4E61-83DB-E24DFAF1F3FD}.Debug|x64.ActiveCfg = Debug|Any CPU
		{5C08F2AA-2A3F-4E61-83DB-E24DFAF1F3FD}.Debug|x64.Build.0 = Debug|Any CPU
		{5C08F2AA-2A3F-4E61-83DB-E24DFAF1F3FD}.Debug|x86.ActiveCfg = Debug|Any CPU
		{5C08F2AA-2A3F-4E61-83DB-E24DFAF1F3FD}.Debug|x86.Build.0 = Debug|Any CPU
		{5C08F2AA-2A3F-4E61-83DB-E24DFAF1F3FD}.Release|Any CPU.ActiveCfg = Release|Any CPU
		{5C08F2AA-2A3F-4E61-83DB-E24DFAF1F3FD}.Release|Any CPU.Build.0 = Release|Any CPU
		{5C08F2AA-2A3F-4E61-83DB-E24DFAF1F3FD}.Release|x64.ActiveCfg = Release|Any CPU
		{5C08F2AA-2A3F-4E61-83DB-E24DFAF1F3FD}.Release|x64.Build.0 = Release|Any CPU
		{5C08F2AA-2A3F-4E61-83DB-E24DFAF1F3FD}.Release|x86.ActiveCfg = Release|Any CPU
		{5C08F2AA-2A3F-4E61-83DB-E24DFAF1F3FD}.Release|x86.Build.0 = Release|Any CPU
	EndGlobalSection
	GlobalSection(SolutionProperties) = preSolution
		HideSolutionNode = FALSE
	EndGlobalSection
	GlobalSection(ExtensibilityGlobals) = postSolution
		SolutionGuid = {9DDB431E-9862-424E-BFDA-9C8D96566AE3}
	EndGlobalSection
EndGlobal
